
Microsoft Visual Studio Solution File, Format Version 12.00
# Visual Studio Version 16
VisualStudioVersion = 16.0.31005.135
MinimumVisualStudioVersion = 10.0.40219.1
Project("{9A19103F-16F7-4668-BE54-9A1E7A4F7556}") = "PokemonInformationAPI", "PokemonInformationAPI\PokemonInformationAPI.csproj", "{6A8241A0-7198-45E6-A4FD-020D38042D44}"
EndProject
Project("{FAE04EC0-301F-11D3-BF4B-00C04F79EFBC}") = "PokemonFuntranslationAPI", "PokemonFuntranslationAPI\PokemonFuntranslationAPI.csproj", "{887CC519-F65E-45CB-9E43-8A0D0919D13E}"
EndProject
Global
	GlobalSection(SolutionConfigurationPlatforms) = preSolution
		Debug|Any CPU = Debug|Any CPU
		Release|Any CPU = Release|Any CPU
	EndGlobalSection
	GlobalSection(ProjectConfigurationPlatforms) = postSolution
		{6A8241A0-7198-45E6-A4FD-020D38042D44}.Debug|Any CPU.ActiveCfg = Debug|Any CPU
		{6A8241A0-7198-45E6-A4FD-020D38042D44}.Debug|Any CPU.Build.0 = Debug|Any CPU
		{6A8241A0-7198-45E6-A4FD-020D38042D44}.Release|Any CPU.ActiveCfg = Release|Any CPU
		{6A8241A0-7198-45E6-A4FD-020D38042D44}.Release|Any CPU.Build.0 = Release|Any CPU
		{887CC519-F65E-45CB-9E43-8A0D0919D13E}.Debug|Any CPU.ActiveCfg = Debug|Any CPU
		{887CC519-F65E-45CB-9E43-8A0D0919D13E}.Debug|Any CPU.Build.0 = Debug|Any CPU
		{887CC519-F65E-45CB-9E43-8A0D0919D13E}.Release|Any CPU.ActiveCfg = Release|Any CPU
		{887CC519-F65E-45CB-9E43-8A0D0919D13E}.Release|Any CPU.Build.0 = Release|Any CPU
	EndGlobalSection
	GlobalSection(SolutionProperties) = preSolution
		HideSolutionNode = FALSE
	EndGlobalSection
	GlobalSection(ExtensibilityGlobals) = postSolution
		SolutionGuid = {28EB0459-F946-47DA-9A27-404A93313D14}
	EndGlobalSection
EndGlobal
